
Microsoft Visual Studio Solution File, Format Version 12.00
# Visual Studio Version 16
VisualStudioVersion = 16.0.29102.190
MinimumVisualStudioVersion = 10.0.40219.1
Project("{2150E333-8FDC-42A3-9474-1A3956D46DE8}") = "Solution Items", "Solution Items", "{DB8082AC-976E-48E3-931D-F2379BB11E20}"
	ProjectSection(SolutionItems) = preProject
		.gitignore = .gitignore
		.circleci\config.yml = .circleci\config.yml
		LICENSE = LICENSE
		README.md = README.md
	EndProjectSection
EndProject
Project("{9A19103F-16F7-4668-BE54-9A1E7A4F7556}") = "TradeprintSdk.Tests", "TradeprintSdk.Tests\TradeprintSdk.Tests.csproj", "{72345C6D-83DF-4F76-9E37-D35F2F928B8D}"
EndProject
Project("{9A19103F-16F7-4668-BE54-9A1E7A4F7556}") = "Samples", "Samples\Samples.csproj", "{94A8458B-BA36-4DD5-848B-26328035CDBC}"
EndProject
Project("{9A19103F-16F7-4668-BE54-9A1E7A4F7556}") = "TradeprintSdk", "TradeprintSdk\TradeprintSdk.csproj", "{DC7C6657-F82A-4BB9-ADCD-278916E467D2}"
EndProject
Global
	GlobalSection(SolutionConfigurationPlatforms) = preSolution
		Debug|Any CPU = Debug|Any CPU
		Release|Any CPU = Release|Any CPU
	EndGlobalSection
	GlobalSection(ProjectConfigurationPlatforms) = postSolution
		{72345C6D-83DF-4F76-9E37-D35F2F928B8D}.Debug|Any CPU.ActiveCfg = Debug|Any CPU
		{72345C6D-83DF-4F76-9E37-D35F2F928B8D}.Debug|Any CPU.Build.0 = Debug|Any CPU
		{72345C6D-83DF-4F76-9E37-D35F2F928B8D}.Release|Any CPU.ActiveCfg = Release|Any CPU
		{72345C6D-83DF-4F76-9E37-D35F2F928B8D}.Release|Any CPU.Build.0 = Release|Any CPU
		{94A8458B-BA36-4DD5-848B-26328035CDBC}.Debug|Any CPU.ActiveCfg = Debug|Any CPU
		{94A8458B-BA36-4DD5-848B-26328035CDBC}.Debug|Any CPU.Build.0 = Debug|Any CPU
		{94A8458B-BA36-4DD5-848B-26328035CDBC}.Release|Any CPU.ActiveCfg = Release|Any CPU
		{94A8458B-BA36-4DD5-848B-26328035CDBC}.Release|Any CPU.Build.0 = Release|Any CPU
		{DC7C6657-F82A-4BB9-ADCD-278916E467D2}.Debug|Any CPU.ActiveCfg = Debug|Any CPU
		{DC7C6657-F82A-4BB9-ADCD-278916E467D2}.Debug|Any CPU.Build.0 = Debug|Any CPU
		{DC7C6657-F82A-4BB9-ADCD-278916E467D2}.Release|Any CPU.ActiveCfg = Release|Any CPU
		{DC7C6657-F82A-4BB9-ADCD-278916E467D2}.Release|Any CPU.Build.0 = Release|Any CPU
	EndGlobalSection
	GlobalSection(SolutionProperties) = preSolution
		HideSolutionNode = FALSE
	EndGlobalSection
	GlobalSection(ExtensibilityGlobals) = postSolution
		SolutionGuid = {297C53DD-B737-48C4-A0B1-5E905C993B12}
	EndGlobalSection
EndGlobal
